{
 "graph_lock": {
  "nodes": {
   "0": {
    "requires": [
     "1",
     "2",
     "4"
    ],
    "path": "../conanfile.py",
    "context": "host"
   },
   "1": {
    "ref": "cpp-httplib/0.7.5#932dddc6c74b806ab65e194c1b6e8f33",
    "context": "host"
   },
   "2": {
    "ref": "spdlog/1.7.0#78869f5610cc796334cda34dbd09c265",
    "requires": [
     "3"
    ],
    "context": "host"
   },
   "3": {
    "ref": "fmt/7.1.3#3230952cdb4aed00796648cc9d0834bb",
    "context": "host"
   },
   "4": {
    "ref": "tclap/1.2.3#f61fcf24bfb2f7b6f8c93064f4f70cce",
    "context": "host"
   }
  },
  "revisions_enabled": true
 },
 "version": "0.4"
}